
Microsoft Visual Studio Solution File, Format Version 12.00
# Visual Studio 15
VisualStudioVersion = 15.0.28307.421
MinimumVisualStudioVersion = 10.0.40219.1
Project("{FAE04EC0-301F-11D3-BF4B-00C04F79EFBC}") = "MicroService", "MicroService\MicroService.csproj", "{51CDAFC1-C866-4ECD-8766-0192E54CC224}"
EndProject
Global
	GlobalSection(SolutionConfigurationPlatforms) = preSolution
		Debug|Any CPU = Debug|Any CPU
		Release|Any CPU = Release|Any CPU
	EndGlobalSection
	GlobalSection(ProjectConfigurationPlatforms) = postSolution
		{51CDAFC1-C866-4ECD-8766-0192E54CC224}.Debug|Any CPU.ActiveCfg = Debug|Any CPU
		{51CDAFC1-C866-4ECD-8766-0192E54CC224}.Debug|Any CPU.Build.0 = Debug|Any CPU
		{51CDAFC1-C866-4ECD-8766-0192E54CC224}.Release|Any CPU.ActiveCfg = Release|Any CPU
		{51CDAFC1-C866-4ECD-8766-0192E54CC224}.Release|Any CPU.Build.0 = Release|Any CPU
	EndGlobalSection
	GlobalSection(SolutionProperties) = preSolution
		HideSolutionNode = FALSE
	EndGlobalSection
	GlobalSection(ExtensibilityGlobals) = postSolution
		SolutionGuid = {4C3A240A-434B-47C3-BF4C-542DE290CAEA}
	EndGlobalSection
EndGlobal
